// !$*UTF8*$!
{
	archiveVersion = 1;
	classes = {
	};
	objectVersion = 46;
	objects = {

/* Begin PBXBuildFile section */
		1EE04BC41D1AC62F003F6EBE /* main.m in Sources */ = {isa = PBXBuildFile; fileRef = 1EE04BC31D1AC62F003F6EBE /* main.m */; };
		1EE04BC71D1AC62F003F6EBE /* AppDelegate.m in Sources */ = {isa = PBXBuildFile; fileRef = 1EE04BC61D1AC62F003F6EBE /* AppDelegate.m */; };
		1EE04BCA1D1AC62F003F6EBE /* ViewController.m in Sources */ = {isa = PBXBuildFile; fileRef = 1EE04BC91D1AC62F003F6EBE /* ViewController.m */; };
		1EE04BCD1D1AC62F003F6EBE /* Main.storyboard in Resources */ = {isa = PBXBuildFile; fileRef = 1EE04BCB1D1AC62F003F6EBE /* Main.storyboard */; };
		1EE04BD01D1AC62F003F6EBE /* HIUIScatterCardCardViewSample.xcdatamodeld in Sources */ = {isa = PBXBuildFile; fileRef = 1EE04BCE1D1AC62F003F6EBE /* HIUIScatterCardCardViewSample.xcdatamodeld */; };
		1EE04BD21D1AC62F003F6EBE /* Assets.xcassets in Resources */ = {isa = PBXBuildFile; fileRef = 1EE04BD11D1AC62F003F6EBE /* Assets.xcassets */; };
		1EE04BD51D1AC62F003F6EBE /* LaunchScreen.storyboard in Resources */ = {isa = PBXBuildFile; fileRef = 1EE04BD31D1AC62F003F6EBE /* LaunchScreen.storyboard */; };
		1EE04C081D1AD0F7003F6EBE /* SampleLayoutManager.m in Sources */ = {isa = PBXBuildFile; fileRef = 1EE04C071D1AD0F7003F6EBE /* SampleLayoutManager.m */; };
		1EE04C0B1D1AD162003F6EBE /* SampleTile.m in Sources */ = {isa = PBXBuildFile; fileRef = 1EE04C0A1D1AD162003F6EBE /* SampleTile.m */; };
		1EE04C161D1AD864003F6EBE /* loading_corner_00.gif in Resources */ = {isa = PBXBuildFile; fileRef = 1EE04C0E1D1AD864003F6EBE /* loading_corner_00.gif */; };
		1EE04C171D1AD864003F6EBE /* loading_corner_01.gif in Resources */ = {isa = PBXBuildFile; fileRef = 1EE04C0F1D1AD864003F6EBE /* loading_corner_01.gif */; };
		1EE04C181D1AD864003F6EBE /* loading_corner_02.gif in Resources */ = {isa = PBXBuildFile; fileRef = 1EE04C101D1AD864003F6EBE /* loading_corner_02.gif */; };
		1EE04C191D1AD864003F6EBE /* loading_top_00.gif in Resources */ = {isa = PBXBuildFile; fileRef = 1EE04C111D1AD864003F6EBE /* loading_top_00.gif */; };
		1EE04C1A1D1AD864003F6EBE /* loading_top_01.gif in Resources */ = {isa = PBXBuildFile; fileRef = 1EE04C121D1AD864003F6EBE /* loading_top_01.gif */; };
		1EE04C1B1D1AD864003F6EBE /* loading_top_02.gif in Resources */ = {isa = PBXBuildFile; fileRef = 1EE04C131D1AD864003F6EBE /* loading_top_02.gif */; };
		1EE04C1C1D1AD864003F6EBE /* normal_corner.gif in Resources */ = {isa = PBXBuildFile; fileRef = 1EE04C141D1AD864003F6EBE /* normal_corner.gif */; };
		1EE04C1D1D1AD864003F6EBE /* normal_top.gif in Resources */ = {isa = PBXBuildFile; fileRef = 1EE04C151D1AD864003F6EBE /* normal_top.gif */; };
		1EE04C301D1AD871003F6EBE /* HIScatterCardData.m in Sources */ = {isa = PBXBuildFile; fileRef = 1EE04C201D1AD871003F6EBE /* HIScatterCardData.m */; };
		1EE04C311D1AD871003F6EBE /* HIUIScatterCardGuideView.m in Sources */ = {isa = PBXBuildFile; fileRef = 1EE04C221D1AD871003F6EBE /* HIUIScatterCardGuideView.m */; };
		1EE04C321D1AD871003F6EBE /* HIUIScatterCardView.m in Sources */ = {isa = PBXBuildFile; fileRef = 1EE04C251D1AD871003F6EBE /* HIUIScatterCardView.m */; };
		1EE04C331D1AD871003F6EBE /* HIUIScatterCardViewController.m in Sources */ = {isa = PBXBuildFile; fileRef = 1EE04C281D1AD871003F6EBE /* HIUIScatterCardViewController.m */; };
		1EE04C341D1AD871003F6EBE /* NSArray+HIScatterCard.m in Sources */ = {isa = PBXBuildFile; fileRef = 1EE04C2D1D1AD871003F6EBE /* NSArray+HIScatterCard.m */; };
		1EE04C351D1AD871003F6EBE /* UIImage+HIScatterCard.m in Sources */ = {isa = PBXBuildFile; fileRef = 1EE04C2F1D1AD871003F6EBE /* UIImage+HIScatterCard.m */; };
/* End PBXBuildFile section */

/* Begin PBXFileReference section */
		1EE04BBF1D1AC62F003F6EBE /* HIUIScatterCardCardViewSample.app */ = {isa = PBXFileReference; explicitFileType = wrapper.application; includeInIndex = 0; path = HIUIScatterCardCardViewSample.app; sourceTree = BUILT_PRODUCTS_DIR; };
		1EE04BC31D1AC62F003F6EBE /* main.m */ = {isa = PBXFileReference; lastKnownFileType = sourcecode.c.objc; path = main.m; sourceTree = "<group>"; };
		1EE04BC51D1AC62F003F6EBE /* AppDelegate.h */ = {isa = PBXFileReference; lastKnownFileType = sourcecode.c.h; path = AppDelegate.h; sourceTree = "<group>"; };
		1EE04BC61D1AC62F003F6EBE /* AppDelegate.m */ = {isa = PBXFileReference; lastKnownFileType = sourcecode.c.objc; path = AppDelegate.m; sourceTree = "<group>"; };
		1EE04BC81D1AC62F003F6EBE /* ViewController.h */ = {isa = PBXFileReference; lastKnownFileType = sourcecode.c.h; path = ViewController.h; sourceTree = "<group>"; };
		1EE04BC91D1AC62F003F6EBE /* ViewController.m */ = {isa = PBXFileReference; lastKnownFileType = sourcecode.c.objc; path = ViewController.m; sourceTree = "<group>"; };
		1EE04BCC1D1AC62F003F6EBE /* Base */ = {isa = PBXFileReference; lastKnownFileType = file.storyboard; name = Base; path = Base.lproj/Main.storyboard; sourceTree = "<group>"; };
		1EE04BCF1D1AC62F003F6EBE /* HIUIScatterCardCardViewSample.xcdatamodel */ = {isa = PBXFileReference; lastKnownFileType = wrapper.xcdatamodel; path = HIUIScatterCardCardViewSample.xcdatamodel; sourceTree = "<group>"; };
		1EE04BD11D1AC62F003F6EBE /* Assets.xcassets */ = {isa = PBXFileReference; lastKnownFileType = folder.assetcatalog; path = Assets.xcassets; sourceTree = "<group>"; };
		1EE04BD41D1AC62F003F6EBE /* Base */ = {isa = PBXFileReference; lastKnownFileType = file.storyboard; name = Base; path = Base.lproj/LaunchScreen.storyboard; sourceTree = "<group>"; };
		1EE04BD61D1AC62F003F6EBE /* Info.plist */ = {isa = PBXFileReference; lastKnownFileType = text.plist.xml; path = Info.plist; sourceTree = "<group>"; };
		1EE04C061D1AD0F7003F6EBE /* SampleLayoutManager.h */ = {isa = PBXFileReference; fileEncoding = 4; lastKnownFileType = sourcecode.c.h; path = SampleLayoutManager.h; sourceTree = "<group>"; };
		1EE04C071D1AD0F7003F6EBE /* SampleLayoutManager.m */ = {isa = PBXFileReference; fileEncoding = 4; lastKnownFileType = sourcecode.c.objc; path = SampleLayoutManager.m; sourceTree = "<group>"; };
		1EE04C091D1AD162003F6EBE /* SampleTile.h */ = {isa = PBXFileReference; fileEncoding = 4; lastKnownFileType = sourcecode.c.h; path = SampleTile.h; sourceTree = "<group>"; };
		1EE04C0A1D1AD162003F6EBE /* SampleTile.m */ = {isa = PBXFileReference; fileEncoding = 4; lastKnownFileType = sourcecode.c.objc; path = SampleTile.m; sourceTree = "<group>"; };
		1EE04C0E1D1AD864003F6EBE /* loading_corner_00.gif */ = {isa = PBXFileReference; lastKnownFileType = image.gif; path = loading_corner_00.gif; sourceTree = "<group>"; };
		1EE04C0F1D1AD864003F6EBE /* loading_corner_01.gif */ = {isa = PBXFileReference; lastKnownFileType = image.gif; path = loading_corner_01.gif; sourceTree = "<group>"; };
		1EE04C101D1AD864003F6EBE /* loading_corner_02.gif */ = {isa = PBXFileReference; lastKnownFileType = image.gif; path = loading_corner_02.gif; sourceTree = "<group>"; };
		1EE04C111D1AD864003F6EBE /* loading_top_00.gif */ = {isa = PBXFileReference; lastKnownFileType = image.gif; path = loading_top_00.gif; sourceTree = "<group>"; };
		1EE04C121D1AD864003F6EBE /* loading_top_01.gif */ = {isa = PBXFileReference; lastKnownFileType = image.gif; path = loading_top_01.gif; sourceTree = "<group>"; };
		1EE04C131D1AD864003F6EBE /* loading_top_02.gif */ = {isa = PBXFileReference; lastKnownFileType = image.gif; path = loading_top_02.gif; sourceTree = "<group>"; };
		1EE04C141D1AD864003F6EBE /* normal_corner.gif */ = {isa = PBXFileReference; lastKnownFileType = image.gif; path = normal_corner.gif; sourceTree = "<group>"; };
		1EE04C151D1AD864003F6EBE /* normal_top.gif */ = {isa = PBXFileReference; lastKnownFileType = image.gif; path = normal_top.gif; sourceTree = "<group>"; };
		1EE04C1F1D1AD871003F6EBE /* HIScatterCardData.h */ = {isa = PBXFileReference; fileEncoding = 4; lastKnownFileType = sourcecode.c.h; path = HIScatterCardData.h; sourceTree = "<group>"; };
		1EE04C201D1AD871003F6EBE /* HIScatterCardData.m */ = {isa = PBXFileReference; fileEncoding = 4; lastKnownFileType = sourcecode.c.objc; path = HIScatterCardData.m; sourceTree = "<group>"; };
		1EE04C211D1AD871003F6EBE /* HIUIScatterCardGuideView.h */ = {isa = PBXFileReference; fileEncoding = 4; lastKnownFileType = sourcecode.c.h; path = HIUIScatterCardGuideView.h; sourceTree = "<group>"; };
		1EE04C221D1AD871003F6EBE /* HIUIScatterCardGuideView.m */ = {isa = PBXFileReference; fileEncoding = 4; lastKnownFileType = sourcecode.c.objc; path = HIUIScatterCardGuideView.m; sourceTree = "<group>"; };
		1EE04C231D1AD871003F6EBE /* HIUIScatterCardTile.h */ = {isa = PBXFileReference; fileEncoding = 4; lastKnownFileType = sourcecode.c.h; path = HIUIScatterCardTile.h; sourceTree = "<group>"; };
		1EE04C241D1AD871003F6EBE /* HIUIScatterCardView.h */ = {isa = PBXFileReference; fileEncoding = 4; lastKnownFileType = sourcecode.c.h; path = HIUIScatterCardView.h; sourceTree = "<group>"; };
		1EE04C251D1AD871003F6EBE /* HIUIScatterCardView.m */ = {isa = PBXFileReference; fileEncoding = 4; lastKnownFileType = sourcecode.c.objc; path = HIUIScatterCardView.m; sourceTree = "<group>"; };
		1EE04C261D1AD871003F6EBE /* HIUIScatterCardViewCommon.h */ = {isa = PBXFileReference; fileEncoding = 4; lastKnownFileType = sourcecode.c.h; path = HIUIScatterCardViewCommon.h; sourceTree = "<group>"; };
		1EE04C271D1AD871003F6EBE /* HIUIScatterCardViewController.h */ = {isa = PBXFileReference; fileEncoding = 4; lastKnownFileType = sourcecode.c.h; path = HIUIScatterCardViewController.h; sourceTree = "<group>"; };
		1EE04C281D1AD871003F6EBE /* HIUIScatterCardViewController.m */ = {isa = PBXFileReference; fileEncoding = 4; lastKnownFileType = sourcecode.c.objc; path = HIUIScatterCardViewController.m; sourceTree = "<group>"; };
		1EE04C291D1AD871003F6EBE /* HIUIScatterCardViewDataSource.h */ = {isa = PBXFileReference; fileEncoding = 4; lastKnownFileType = sourcecode.c.h; path = HIUIScatterCardViewDataSource.h; sourceTree = "<group>"; };
		1EE04C2A1D1AD871003F6EBE /* HIUIScatterCardViewDelegate.h */ = {isa = PBXFileReference; fileEncoding = 4; lastKnownFileType = sourcecode.c.h; path = HIUIScatterCardViewDelegate.h; sourceTree = "<group>"; };
		1EE04C2B1D1AD871003F6EBE /* HIUIScatterCardViewLayoutManager.h */ = {isa = PBXFileReference; fileEncoding = 4; lastKnownFileType = sourcecode.c.h; path = HIUIScatterCardViewLayoutManager.h; sourceTree = "<group>"; };
		1EE04C2C1D1AD871003F6EBE /* NSArray+HIScatterCard.h */ = {isa = PBXFileReference; fileEncoding = 4; lastKnownFileType = sourcecode.c.h; path = "NSArray+HIScatterCard.h"; sourceTree = "<group>"; };
		1EE04C2D1D1AD871003F6EBE /* NSArray+HIScatterCard.m */ = {isa = PBXFileReference; fileEncoding = 4; lastKnownFileType = sourcecode.c.objc; path = "NSArray+HIScatterCard.m"; sourceTree = "<group>"; };
		1EE04C2E1D1AD871003F6EBE /* UIImage+HIScatterCard.h */ = {isa = PBXFileReference; fileEncoding = 4; lastKnownFileType = sourcecode.c.h; path = "UIImage+HIScatterCard.h"; sourceTree = "<group>"; };
		1EE04C2F1D1AD871003F6EBE /* UIImage+HIScatterCard.m */ = {isa = PBXFileReference; fileEncoding = 4; lastKnownFileType = sourcecode.c.objc; path = "UIImage+HIScatterCard.m"; sourceTree = "<group>"; };
/* End PBXFileReference section */

/* Begin PBXFrameworksBuildPhase section */
		1EE04BBC1D1AC62F003F6EBE /* Frameworks */ = {
			isa = PBXFrameworksBuildPhase;
			buildActionMask = 2147483647;
			files = (
			);
			runOnlyForDeploymentPostprocessing = 0;
		};
/* End PBXFrameworksBuildPhase section */

/* Begin PBXGroup section */
		1EE04BB61D1AC62F003F6EBE = {
			isa = PBXGroup;
			children = (
				1EE04BC11D1AC62F003F6EBE /* HIUIScatterCardCardViewSample */,
				1EE04BC01D1AC62F003F6EBE /* Products */,
			);
			sourceTree = "<group>";
		};
		1EE04BC01D1AC62F003F6EBE /* Products */ = {
			isa = PBXGroup;
			children = (
				1EE04BBF1D1AC62F003F6EBE /* HIUIScatterCardCardViewSample.app */,
			);
			name = Products;
			sourceTree = "<group>";
		};
		1EE04BC11D1AC62F003F6EBE /* HIUIScatterCardCardViewSample */ = {
			isa = PBXGroup;
			children = (
				1EE04BDD1D1AC7B6003F6EBE /* libs */,
				1EE04C0D1D1AD864003F6EBE /* res */,
				1EE04C041D1AD0DF003F6EBE /* layout manager */,
				1EE04C051D1AD0E4003F6EBE /* tile */,
				1EE04BC51D1AC62F003F6EBE /* AppDelegate.h */,
				1EE04BC61D1AC62F003F6EBE /* AppDelegate.m */,
				1EE04BC81D1AC62F003F6EBE /* ViewController.h */,
				1EE04BC91D1AC62F003F6EBE /* ViewController.m */,
				1EE04BCB1D1AC62F003F6EBE /* Main.storyboard */,
				1EE04BD11D1AC62F003F6EBE /* Assets.xcassets */,
				1EE04BD31D1AC62F003F6EBE /* LaunchScreen.storyboard */,
				1EE04BD61D1AC62F003F6EBE /* Info.plist */,
				1EE04BCE1D1AC62F003F6EBE /* HIUIScatterCardCardViewSample.xcdatamodeld */,
				1EE04BC21D1AC62F003F6EBE /* Supporting Files */,
			);
			path = HIUIScatterCardCardViewSample;
			sourceTree = "<group>";
		};
		1EE04BC21D1AC62F003F6EBE /* Supporting Files */ = {
			isa = PBXGroup;
			children = (
				1EE04BC31D1AC62F003F6EBE /* main.m */,
			);
			name = "Supporting Files";
			sourceTree = "<group>";
		};
		1EE04BDD1D1AC7B6003F6EBE /* libs */ = {
			isa = PBXGroup;
			children = (
				1EE04C1E1D1AD871003F6EBE /* HIUIScatterCardView */,
			);
			path = libs;
			sourceTree = "<group>";
		};
		1EE04C041D1AD0DF003F6EBE /* layout manager */ = {
			isa = PBXGroup;
			children = (
				1EE04C061D1AD0F7003F6EBE /* SampleLayoutManager.h */,
				1EE04C071D1AD0F7003F6EBE /* SampleLayoutManager.m */,
			);
			name = "layout manager";
			sourceTree = "<group>";
		};
		1EE04C051D1AD0E4003F6EBE /* tile */ = {
			isa = PBXGroup;
			children = (
				1EE04C091D1AD162003F6EBE /* SampleTile.h */,
				1EE04C0A1D1AD162003F6EBE /* SampleTile.m */,
			);
			name = tile;
			sourceTree = "<group>";
		};
		1EE04C0D1D1AD864003F6EBE /* res */ = {
			isa = PBXGroup;
			children = (
				1EE04C0E1D1AD864003F6EBE /* loading_corner_00.gif */,
				1EE04C0F1D1AD864003F6EBE /* loading_corner_01.gif */,
				1EE04C101D1AD864003F6EBE /* loading_corner_02.gif */,
				1EE04C111D1AD864003F6EBE /* loading_top_00.gif */,
				1EE04C121D1AD864003F6EBE /* loading_top_01.gif */,
				1EE04C131D1AD864003F6EBE /* loading_top_02.gif */,
				1EE04C141D1AD864003F6EBE /* normal_corner.gif */,
				1EE04C151D1AD864003F6EBE /* normal_top.gif */,
			);
			path = res;
			sourceTree = "<group>";
		};
		1EE04C1E1D1AD871003F6EBE /* HIUIScatterCardView */ = {
			isa = PBXGroup;
			children = (
				1EE04C1F1D1AD871003F6EBE /* HIScatterCardData.h */,
				1EE04C201D1AD871003F6EBE /* HIScatterCardData.m */,
				1EE04C211D1AD871003F6EBE /* HIUIScatterCardGuideView.h */,
				1EE04C221D1AD871003F6EBE /* HIUIScatterCardGuideView.m */,
				1EE04C231D1AD871003F6EBE /* HIUIScatterCardTile.h */,
				1EE04C241D1AD871003F6EBE /* HIUIScatterCardView.h */,
				1EE04C251D1AD871003F6EBE /* HIUIScatterCardView.m */,
				1EE04C261D1AD871003F6EBE /* HIUIScatterCardViewCommon.h */,
				1EE04C271D1AD871003F6EBE /* HIUIScatterCardViewController.h */,
				1EE04C281D1AD871003F6EBE /* HIUIScatterCardViewController.m */,
				1EE04C291D1AD871003F6EBE /* HIUIScatterCardViewDataSource.h */,
				1EE04C2A1D1AD871003F6EBE /* HIUIScatterCardViewDelegate.h */,
				1EE04C2B1D1AD871003F6EBE /* HIUIScatterCardViewLayoutManager.h */,
				1EE04C2C1D1AD871003F6EBE /* NSArray+HIScatterCard.h */,
				1EE04C2D1D1AD871003F6EBE /* NSArray+HIScatterCard.m */,
				1EE04C2E1D1AD871003F6EBE /* UIImage+HIScatterCard.h */,
				1EE04C2F1D1AD871003F6EBE /* UIImage+HIScatterCard.m */,
			);
			path = HIUIScatterCardView;
			sourceTree = "<group>";
		};
/* End PBXGroup section */

/* Begin PBXNativeTarget section */
		1EE04BBE1D1AC62F003F6EBE /* HIUIScatterCardCardViewSample */ = {
			isa = PBXNativeTarget;
			buildConfigurationList = 1EE04BD91D1AC62F003F6EBE /* Build configuration list for PBXNativeTarget "HIUIScatterCardCardViewSample" */;
			buildPhases = (
				1EE04BBB1D1AC62F003F6EBE /* Sources */,
				1EE04BBC1D1AC62F003F6EBE /* Frameworks */,
				1EE04BBD1D1AC62F003F6EBE /* Resources */,
			);
			buildRules = (
			);
			dependencies = (
			);
			name = HIUIScatterCardCardViewSample;
			productName = HIUIScatterCardCardViewSample;
			productReference = 1EE04BBF1D1AC62F003F6EBE /* HIUIScatterCardCardViewSample.app */;
			productType = "com.apple.product-type.application";
		};
/* End PBXNativeTarget section */

/* Begin PBXProject section */
		1EE04BB71D1AC62F003F6EBE /* Project object */ = {
			isa = PBXProject;
			attributes = {
				LastUpgradeCheck = 0730;
				ORGANIZATIONNAME = "Sunhong Kim";
				TargetAttributes = {
					1EE04BBE1D1AC62F003F6EBE = {
						CreatedOnToolsVersion = 7.3.1;
					};
				};
			};
			buildConfigurationList = 1EE04BBA1D1AC62F003F6EBE /* Build configuration list for PBXProject "HIUIScatterCardCardViewSample" */;
			compatibilityVersion = "Xcode 3.2";
			developmentRegion = English;
			hasScannedForEncodings = 0;
			knownRegions = (
				en,
				Base,
			);
			mainGroup = 1EE04BB61D1AC62F003F6EBE;
			productRefGroup = 1EE04BC01D1AC62F003F6EBE /* Products */;
			projectDirPath = "";
			projectRoot = "";
			targets = (
				1EE04BBE1D1AC62F003F6EBE /* HIUIScatterCardCardViewSample */,
			);
		};
/* End PBXProject section */

/* Begin PBXResourcesBuildPhase section */
		1EE04BBD1D1AC62F003F6EBE /* Resources */ = {
			isa = PBXResourcesBuildPhase;
			buildActionMask = 2147483647;
			files = (
				1EE04C1D1D1AD864003F6EBE /* normal_top.gif in Resources */,
				1EE04BD51D1AC62F003F6EBE /* LaunchScreen.storyboard in Resources */,
				1EE04C171D1AD864003F6EBE /* loading_corner_01.gif in Resources */,
				1EE04C1B1D1AD864003F6EBE /* loading_top_02.gif in Resources */,
				1EE04C181D1AD864003F6EBE /* loading_corner_02.gif in Resources */,
				1EE04BD21D1AC62F003F6EBE /* Assets.xcassets in Resources */,
				1EE04C191D1AD864003F6EBE /* loading_top_00.gif in Resources */,
				1EE04C161D1AD864003F6EBE /* loading_corner_00.gif in Resources */,
				1EE04C1A1D1AD864003F6EBE /* loading_top_01.gif in Resources */,
				1EE04C1C1D1AD864003F6EBE /* normal_corner.gif in Resources */,
				1EE04BCD1D1AC62F003F6EBE /* Main.storyboard in Resources */,
			);
			runOnlyForDeploymentPostprocessing = 0;
		};
/* End PBXResourcesBuildPhase section */

/* Begin PBXSourcesBuildPhase section */
		1EE04BBB1D1AC62F003F6EBE /* Sources */ = {
			isa = PBXSourcesBuildPhase;
			buildActionMask = 2147483647;
			files = (
				1EE04BD01D1AC62F003F6EBE /* HIUIScatterCardCardViewSample.xcdatamodeld in Sources */,
				1EE04C081D1AD0F7003F6EBE /* SampleLayoutManager.m in Sources */,
				1EE04BCA1D1AC62F003F6EBE /* ViewController.m in Sources */,
				1EE04BC71D1AC62F003F6EBE /* AppDelegate.m in Sources */,
				1EE04BC41D1AC62F003F6EBE /* main.m in Sources */,
				1EE04C311D1AD871003F6EBE /* HIUIScatterCardGuideView.m in Sources */,
				1EE04C331D1AD871003F6EBE /* HIUIScatterCardViewController.m in Sources */,
				1EE04C351D1AD871003F6EBE /* UIImage+HIScatterCard.m in Sources */,
				1EE04C0B1D1AD162003F6EBE /* SampleTile.m in Sources */,
				1EE04C341D1AD871003F6EBE /* NSArray+HIScatterCard.m in Sources */,
				1EE04C321D1AD871003F6EBE /* HIUIScatterCardView.m in Sources */,
				1EE04C301D1AD871003F6EBE /* HIScatterCardData.m in Sources */,
			);
			runOnlyForDeploymentPostprocessing = 0;
		};
/* End PBXSourcesBuildPhase section */

/* Begin PBXVariantGroup section */
		1EE04BCB1D1AC62F003F6EBE /* Main.storyboard */ = {
			isa = PBXVariantGroup;
			children = (
				1EE04BCC1D1AC62F003F6EBE /* Base */,
			);
			name = Main.storyboard;
			sourceTree = "<group>";
		};
		1EE04BD31D1AC62F003F6EBE /* LaunchScreen.storyboard */ = {
			isa = PBXVariantGroup;
			children = (
				1EE04BD41D1AC62F003F6EBE /* Base */,
			);
			name = LaunchScreen.storyboard;
			sourceTree = "<group>";
		};
/* End PBXVariantGroup section */

/* Begin XCBuildConfiguration section */
		1EE04BD71D1AC62F003F6EBE /* Debug */ = {
			isa = XCBuildConfiguration;
			buildSettings = {
				ALWAYS_SEARCH_USER_PATHS = NO;
				CLANG_ANALYZER_NONNULL = YES;
				CLANG_CXX_LANGUAGE_STANDARD = "gnu++0x";
				CLANG_CXX_LIBRARY = "libc++";
				CLANG_ENABLE_MODULES = YES;
				CLANG_ENABLE_OBJC_ARC = YES;
				CLANG_WARN_BOOL_CONVERSION = YES;
				CLANG_WARN_CONSTANT_CONVERSION = YES;
				CLANG_WARN_DIRECT_OBJC_ISA_USAGE = YES_ERROR;
				CLANG_WARN_EMPTY_BODY = YES;
				CLANG_WARN_ENUM_CONVERSION = YES;
				CLANG_WARN_INT_CONVERSION = YES;
				CLANG_WARN_OBJC_ROOT_CLASS = YES_ERROR;
				CLANG_WARN_UNREACHABLE_CODE = YES;
				CLANG_WARN__DUPLICATE_METHOD_MATCH = YES;
				"CODE_SIGN_IDENTITY[sdk=iphoneos*]" = "iPhone Developer";
				COPY_PHASE_STRIP = NO;
				DEBUG_INFORMATION_FORMAT = dwarf;
				ENABLE_STRICT_OBJC_MSGSEND = YES;
				ENABLE_TESTABILITY = YES;
				GCC_C_LANGUAGE_STANDARD = gnu99;
				GCC_DYNAMIC_NO_PIC = NO;
				GCC_NO_COMMON_BLOCKS = YES;
				GCC_OPTIMIZATION_LEVEL = 0;
				GCC_PREPROCESSOR_DEFINITIONS = (
					"DEBUG=1",
					"$(inherited)",
				);
				GCC_WARN_64_TO_32_BIT_CONVERSION = YES;
				GCC_WARN_ABOUT_RETURN_TYPE = YES_ERROR;
				GCC_WARN_UNDECLARED_SELECTOR = YES;
				GCC_WARN_UNINITIALIZED_AUTOS = YES_AGGRESSIVE;
				GCC_WARN_UNUSED_FUNCTION = YES;
				GCC_WARN_UNUSED_VARIABLE = YES;
				IPHONEOS_DEPLOYMENT_TARGET = 9.3;
				MTL_ENABLE_DEBUG_INFO = YES;
				ONLY_ACTIVE_ARCH = YES;
				SDKROOT = iphoneos;
			};
			name = Debug;
		};
		1EE04BD81D1AC62F003F6EBE /* Release */ = {
			isa = XCBuildConfiguration;
			buildSettings = {
				ALWAYS_SEARCH_USER_PATHS = NO;
				CLANG_ANALYZER_NONNULL = YES;
				CLANG_CXX_LANGUAGE_STANDARD = "gnu++0x";
				CLANG_CXX_LIBRARY = "libc++";
				CLANG_ENABLE_MODULES = YES;
				CLANG_ENABLE_OBJC_ARC = YES;
				CLANG_WARN_BOOL_CONVERSION = YES;
				CLANG_WARN_CONSTANT_CONVERSION = YES;
				CLANG_WARN_DIRECT_OBJC_ISA_USAGE = YES_ERROR;
				CLANG_WARN_EMPTY_BODY = YES;
				CLANG_WARN_ENUM_CONVERSION = YES;
				CLANG_WARN_INT_CONVERSION = YES;
				CLANG_WARN_OBJC_ROOT_CLASS = YES_ERROR;
				CLANG_WARN_UNREACHABLE_CODE = YES;
				CLANG_WARN__DUPLICATE_METHOD_MATCH = YES;
				"CODE_SIGN_IDENTITY[sdk=iphoneos*]" = "iPhone Developer";
				COPY_PHASE_STRIP = NO;
				DEBUG_INFORMATION_FORMAT = "dwarf-with-dsym";
				ENABLE_NS_ASSERTIONS = NO;
				ENABLE_STRICT_OBJC_MSGSEND = YES;
				GCC_C_LANGUAGE_STANDARD = gnu99;
				GCC_NO_COMMON_BLOCKS = YES;
				GCC_WARN_64_TO_32_BIT_CONVERSION = YES;
				GCC_WARN_ABOUT_RETURN_TYPE = YES_ERROR;
				GCC_WARN_UNDECLARED_SELECTOR = YES;
				GCC_WARN_UNINITIALIZED_AUTOS = YES_AGGRESSIVE;
				GCC_WARN_UNUSED_FUNCTION = YES;
				GCC_WARN_UNUSED_VARIABLE = YES;
				IPHONEOS_DEPLOYMENT_TARGET = 9.3;
				MTL_ENABLE_DEBUG_INFO = NO;
				SDKROOT = iphoneos;
				VALIDATE_PRODUCT = YES;
			};
			name = Release;
		};
		1EE04BDA1D1AC62F003F6EBE /* Debug */ = {
			isa = XCBuildConfiguration;
			buildSettings = {
				ASSETCATALOG_COMPILER_APPICON_NAME = AppIcon;
				INFOPLIST_FILE = HIUIScatterCardCardViewSample/Info.plist;
				LD_RUNPATH_SEARCH_PATHS = "$(inherited) @executable_path/Frameworks";
				PRODUCT_BUNDLE_IDENTIFIER = com.shkim.HIUIScatterCardCardViewSample;
				PRODUCT_NAME = "$(TARGET_NAME)";
			};
			name = Debug;
		};
		1EE04BDB1D1AC62F003F6EBE /* Release */ = {
			isa = XCBuildConfiguration;
			buildSettings = {
				ASSETCATALOG_COMPILER_APPICON_NAME = AppIcon;
				INFOPLIST_FILE = HIUIScatterCardCardViewSample/Info.plist;
				LD_RUNPATH_SEARCH_PATHS = "$(inherited) @executable_path/Frameworks";
				PRODUCT_BUNDLE_IDENTIFIER = com.shkim.HIUIScatterCardCardViewSample;
				PRODUCT_NAME = "$(TARGET_NAME)";
			};
			name = Release;
		};
/* End XCBuildConfiguration section */

/* Begin XCConfigurationList section */
		1EE04BBA1D1AC62F003F6EBE /* Build configuration list for PBXProject "HIUIScatterCardCardViewSample" */ = {
			isa = XCConfigurationList;
			buildConfigurations = (
				1EE04BD71D1AC62F003F6EBE /* Debug */,
				1EE04BD81D1AC62F003F6EBE /* Release */,
			);
			defaultConfigurationIsVisible = 0;
			defaultConfigurationName = Release;
		};
		1EE04BD91D1AC62F003F6EBE /* Build configuration list for PBXNativeTarget "HIUIScatterCardCardViewSample" */ = {
			isa = XCConfigurationList;
			buildConfigurations = (
				1EE04BDA1D1AC62F003F6EBE /* Debug */,
				1EE04BDB1D1AC62F003F6EBE /* Release */,
			);
			defaultConfigurationIsVisible = 0;
			defaultConfigurationName = Release;
		};
/* End XCConfigurationList section */

/* Begin XCVersionGroup section */
		1EE04BCE1D1AC62F003F6EBE /* HIUIScatterCardCardViewSample.xcdatamodeld */ = {
			isa = XCVersionGroup;
			children = (
				1EE04BCF1D1AC62F003F6EBE /* HIUIScatterCardCardViewSample.xcdatamodel */,
			);
			currentVersion = 1EE04BCF1D1AC62F003F6EBE /* HIUIScatterCardCardViewSample.xcdatamodel */;
			path = HIUIScatterCardCardViewSample.xcdatamodeld;
			sourceTree = "<group>";
			versionGroupType = wrapper.xcdatamodel;
		};
/* End XCVersionGroup section */
	};
	rootObject = 1EE04BB71D1AC62F003F6EBE /* Project object */;
}
